
Microsoft Visual Studio Solution File, Format Version 12.00
# Visual Studio Version 17
VisualStudioVersion = 17.9.34607.119
MinimumVisualStudioVersion = 10.0.40219.1
Project("{FAE04EC0-301F-11D3-BF4B-00C04F79EFBC}") = "Server_socet", "Server_socet\Server_socet.csproj", "{5DBAF050-E8ED-4438-94BB-041A79211BCE}"
EndProject
Global
	GlobalSection(SolutionConfigurationPlatforms) = preSolution
		Debug|Any CPU = Debug|Any CPU
		Release|Any CPU = Release|Any CPU
	EndGlobalSection
	GlobalSection(ProjectConfigurationPlatforms) = postSolution
		{5DBAF050-E8ED-4438-94BB-041A79211BCE}.Debug|Any CPU.ActiveCfg = Debug|Any CPU
		{5DBAF050-E8ED-4438-94BB-041A79211BCE}.Debug|Any CPU.Build.0 = Debug|Any CPU
		{5DBAF050-E8ED-4438-94BB-041A79211BCE}.Release|Any CPU.ActiveCfg = Release|Any CPU
		{5DBAF050-E8ED-4438-94BB-041A79211BCE}.Release|Any CPU.Build.0 = Release|Any CPU
	EndGlobalSection
	GlobalSection(SolutionProperties) = preSolution
		HideSolutionNode = FALSE
	EndGlobalSection
	GlobalSection(ExtensibilityGlobals) = postSolution
		SolutionGuid = {34285E44-3C6D-48FB-BE5E-0BE303F07BD6}
	EndGlobalSection
EndGlobal
